<?xml version="1.0" encoding="utf-8"?>
<Project ToolsVersion="4.0" xmlns="http://schemas.microsoft.com/developer/msbuild/2003">
  <ItemGroup>
    <Filter Include="Fichiers sources">
      <UniqueIdentifier>{4FC737F1-C7A5-4376-A066-2A32D752A2FF}</UniqueIdentifier>
      <Extensions>cpp;c;cc;cxx;c++;cppm;ixx;def;odl;idl;hpj;bat;asm;asmx</Extensions>
    </Filter>
    <Filter Include="Fichiers d%27en-tête">
      <UniqueIdentifier>{93995380-89BD-4b04-88EB-625FBE52EBFB}</UniqueIdentifier>
      <Extensions>h;hh;hpp;hxx;h++;hm;inl;inc;ipp;xsd</Extensions>
    </Filter>
    <Filter Include="Fichiers de ressources">
      <UniqueIdentifier>{67DA6AB6-F800-4c08-8B7A-83BB121AAD01}</UniqueIdentifier>
      <Extensions>rc;ico;cur;bmp;dlg;rc2;rct;bin;rgs;gif;jpg;jpeg;jpe;resx;tiff;tif;png;wav;mfcribbon-ms</Extensions>
    </Filter>
    <Filter Include="Fichiers d%27en-tête\Sprite">
      <UniqueIdentifier>{516fe72d-4277-4bbf-b536-fef860cb0323}</UniqueIdentifier>
    </Filter>
    <Filter Include="Fichiers sources\Sprite">
      <UniqueIdentifier>{2ffc229e-f9fd-4116-aa5d-c00490343030}</UniqueIdentifier>
    </Filter>
    <Filter Include="Fichiers d%27en-tête\Window">
      <UniqueIdentifier>{426814ab-fb81-4a67-b004-42126d1aa2ee}</UniqueIdentifier>
    </Filter>
    <Filter Include="Fichiers sources\Window">
      <UniqueIdentifier>{8153dc88-08dd-4d2a-a401-2ae21267716e}</UniqueIdentifier>
    </Filter>
    <Filter Include="Fichiers d%27en-tête\Collider">
      <UniqueIdentifier>{b1faf100-4c7e-4597-ba4b-9ea223785295}</UniqueIdentifier>
    </Filter>
    <Filter Include="Fichiers sources\Collider">
      <UniqueIdentifier>{386ed033-3a86-41bf-88e3-cf6dd9f50c7f}</UniqueIdentifier>
    </Filter>
    <Filter Include="Fichiers d%27en-tête\Timer">
      <UniqueIdentifier>{fd3a374e-f433-4b86-9781-07227e33b899}</UniqueIdentifier>
    </Filter>
    <Filter Include="Fichiers sources\Timer">
      <UniqueIdentifier>{220dce7d-439a-47ed-bca7-7792f7dcb5a1}</UniqueIdentifier>
    </Filter>
    <Filter Include="Fichiers d%27en-tête\Maths">
      <UniqueIdentifier>{43936e5f-1d4a-4351-a227-335c59736b7c}</UniqueIdentifier>
    </Filter>
    <Filter Include="Fichiers sources\Maths">
      <UniqueIdentifier>{5f73e0d7-f959-4b9c-8260-94a4bad65d4f}</UniqueIdentifier>
    </Filter>
  </ItemGroup>
  <ItemGroup>
    <ClCompile Include="Encapsulation.cpp">
      <Filter>Fichiers sources</Filter>
    </ClCompile>
    <ClCompile Include="App.cpp">
      <Filter>Fichiers sources</Filter>
    </ClCompile>
    <ClCompile Include="ASprite.cpp">
      <Filter>Fichiers sources\Sprite</Filter>
    </ClCompile>
    <ClCompile Include="SpriteRaylib.cpp">
      <Filter>Fichiers sources\Sprite</Filter>
    </ClCompile>
    <ClCompile Include="SpriteSDL.cpp">
      <Filter>Fichiers sources\Sprite</Filter>
    </ClCompile>
    <ClCompile Include="AWindow.cpp">
      <Filter>Fichiers sources\Window</Filter>
    </ClCompile>
    <ClCompile Include="WindowSDL.cpp">
      <Filter>Fichiers sources\Window</Filter>
    </ClCompile>
    <ClCompile Include="Ball.cpp">
      <Filter>Fichiers sources</Filter>
    </ClCompile>
    <ClCompile Include="Vector2.cpp">
      <Filter>Fichiers sources\Maths</Filter>
    </ClCompile>
    <ClCompile Include="Timer.cpp">
      <Filter>Fichiers sources</Filter>
    </ClCompile>
    <ClCompile Include="WindowRaylib.cpp">
      <Filter>Fichiers sources</Filter>
    </ClCompile>
    <ClCompile Include="SphereCollider.cpp">
      <Filter>Fichiers sources\Collider</Filter>
    </ClCompile>
    <ClCompile Include="BoxCollider.cpp">
      <Filter>Fichiers sources\Collider</Filter>
    </ClCompile>
    <ClCompile Include="ColliderManager.cpp">
      <Filter>Fichiers sources\Collider</Filter>
    </ClCompile>
    <ClCompile Include="Collider.cpp">
      <Filter>Fichiers sources\Collider</Filter>
    </ClCompile>
    <ClCompile Include="Utils.cpp">
      <Filter>Fichiers sources\Maths</Filter>
    </ClCompile>
    <ClCompile Include="AText.cpp">
      <Filter>Fichiers sources</Filter>
    </ClCompile>
    <ClCompile Include="TextManager.cpp">
      <Filter>Fichiers sources</Filter>
    </ClCompile>
    <ClCompile Include="TextRaylib.cpp">
      <Filter>Fichiers sources</Filter>
    </ClCompile>
  </ItemGroup>
  <ItemGroup>
    <ClInclude Include="App.h">
      <Filter>Fichiers d%27en-tête</Filter>
    </ClInclude>
    <ClInclude Include="ASprite.h">
      <Filter>Fichiers d%27en-tête\Sprite</Filter>
    </ClInclude>
    <ClInclude Include="SpriteRaylib.h">
      <Filter>Fichiers d%27en-tête\Sprite</Filter>
    </ClInclude>
    <ClInclude Include="SpriteSDL.h">
      <Filter>Fichiers d%27en-tête\Sprite</Filter>
    </ClInclude>
    <ClInclude Include="AWindow.h">
      <Filter>Fichiers d%27en-tête\Window</Filter>
    </ClInclude>
    <ClInclude Include="WindowSDL.h">
      <Filter>Fichiers d%27en-tête\Window</Filter>
    </ClInclude>
    <ClInclude Include="Ball.h">
      <Filter>Fichiers d%27en-tête</Filter>
    </ClInclude>
    <ClInclude Include="Vector2.h">
      <Filter>Fichiers d%27en-tête\Maths</Filter>
    </ClInclude>
    <ClInclude Include="Timer.h">
      <Filter>Fichiers d%27en-tête</Filter>
    </ClInclude>
    <ClInclude Include="WindowRaylib.h">
      <Filter>Fichiers d%27en-tête</Filter>
    </ClInclude>
    <ClInclude Include="BoxCollider.h">
      <Filter>Fichiers d%27en-tête\Collider</Filter>
    </ClInclude>
    <ClInclude Include="SphereCollider.h">
      <Filter>Fichiers d%27en-tête\Collider</Filter>
    </ClInclude>
    <ClInclude Include="ColliderManager.h">
      <Filter>Fichiers d%27en-tête\Collider</Filter>
    </ClInclude>
    <ClInclude Include="Collider.h">
      <Filter>Fichiers d%27en-tête\Collider</Filter>
    </ClInclude>
    <ClInclude Include="Utils.h">
      <Filter>Fichiers d%27en-tête\Maths</Filter>
    </ClInclude>
    <ClInclude Include="AText.h">
      <Filter>Fichiers d%27en-tête</Filter>
    </ClInclude>
    <ClInclude Include="TextManager.h">
      <Filter>Fichiers d%27en-tête</Filter>
    </ClInclude>
    <ClInclude Include="TextRaylib.h">
      <Filter>Fichiers d%27en-tête</Filter>
    </ClInclude>
  </ItemGroup>
  <ItemGroup>
    <None Include="packages.config" />
    <None Include="ClassDiagram.cd" />
  </ItemGroup>
  <ItemGroup>
    <Image Include="Basketball.png">
      <Filter>Fichiers de ressources</Filter>
    </Image>
  </ItemGroup>
</Project>