
Microsoft Visual Studio Solution File, Format Version 12.00
# Visual Studio Version 17
VisualStudioVersion = 17.10.35027.167
MinimumVisualStudioVersion = 10.0.40219.1
Project("{8BC9CEB8-8B4A-11D0-8D11-00A0C91BC942}") = "Encapsulation", "Encapsulation\Encapsulation.vcxproj", "{F8003F83-C60E-4C2E-B175-F1492FA86842}"
EndProject
Global
	GlobalSection(SolutionConfigurationPlatforms) = preSolution
		Debug|x64 = Debug|x64
		Debug|x86 = Debug|x86
		DebugSDL|x64 = DebugSDL|x64
		DebugSDL|x86 = DebugSDL|x86
		RaylibDebug|x64 = RaylibDebug|x64
		RaylibDebug|x86 = RaylibDebug|x86
		Release|x64 = Release|x64
		Release|x86 = Release|x86
		SDLDebug|x64 = SDLDebug|x64
		SDLDebug|x86 = SDLDebug|x86
	EndGlobalSection
	GlobalSection(ProjectConfigurationPlatforms) = postSolution
		{F8003F83-C60E-4C2E-B175-F1492FA86842}.Debug|x64.ActiveCfg = Debug|x64
		{F8003F83-C60E-4C2E-B175-F1492FA86842}.Debug|x64.Build.0 = Debug|x64
		{F8003F83-C60E-4C2E-B175-F1492FA86842}.Debug|x86.ActiveCfg = Debug|Win32
		{F8003F83-C60E-4C2E-B175-F1492FA86842}.Debug|x86.Build.0 = Debug|Win32
		{F8003F83-C60E-4C2E-B175-F1492FA86842}.DebugSDL|x64.ActiveCfg = Debug|x64
		{F8003F83-C60E-4C2E-B175-F1492FA86842}.DebugSDL|x64.Build.0 = Debug|x64
		{F8003F83-C60E-4C2E-B175-F1492FA86842}.DebugSDL|x86.ActiveCfg = DebugSDL|Win32
		{F8003F83-C60E-4C2E-B175-F1492FA86842}.DebugSDL|x86.Build.0 = DebugSDL|Win32
		{F8003F83-C60E-4C2E-B175-F1492FA86842}.RaylibDebug|x64.ActiveCfg = RaylibDebug|x64
		{F8003F83-C60E-4C2E-B175-F1492FA86842}.RaylibDebug|x64.Build.0 = RaylibDebug|x64
		{F8003F83-C60E-4C2E-B175-F1492FA86842}.RaylibDebug|x86.ActiveCfg = RaylibDebug|Win32
		{F8003F83-C60E-4C2E-B175-F1492FA86842}.RaylibDebug|x86.Build.0 = RaylibDebug|Win32
		{F8003F83-C60E-4C2E-B175-F1492FA86842}.Release|x64.ActiveCfg = Release|x64
		{F8003F83-C60E-4C2E-B175-F1492FA86842}.Release|x64.Build.0 = Release|x64
		{F8003F83-C60E-4C2E-B175-F1492FA86842}.Release|x86.ActiveCfg = Release|Win32
		{F8003F83-C60E-4C2E-B175-F1492FA86842}.Release|x86.Build.0 = Release|Win32
		{F8003F83-C60E-4C2E-B175-F1492FA86842}.SDLDebug|x64.ActiveCfg = Release|x64
		{F8003F83-C60E-4C2E-B175-F1492FA86842}.SDLDebug|x64.Build.0 = Release|x64
		{F8003F83-C60E-4C2E-B175-F1492FA86842}.SDLDebug|x86.ActiveCfg = Debug|Win32
	EndGlobalSection
	GlobalSection(SolutionProperties) = preSolution
		HideSolutionNode = FALSE
	EndGlobalSection
	GlobalSection(ExtensibilityGlobals) = postSolution
		SolutionGuid = {A532D421-A721-4F10-B239-08A2E6258AB6}
	EndGlobalSection
EndGlobal
